
Microsoft Visual Studio Solution File, Format Version 12.00
# Visual Studio Version 17
VisualStudioVersion = 17.13.35825.156 d17.13
MinimumVisualStudioVersion = 10.0.40219.1
Project("{FAE04EC0-301F-11D3-BF4B-00C04F79EFBC}") = "WPF.BehaviorDemo", "WPF.BehaviorDemo\WPF.BehaviorDemo.csproj", "{8F99129C-7A7B-4A94-A016-DD485C235D30}"
EndProject
Global
	GlobalSection(SolutionConfigurationPlatforms) = preSolution
		Debug|Any CPU = Debug|Any CPU
		Release|Any CPU = Release|Any CPU
	EndGlobalSection
	GlobalSection(ProjectConfigurationPlatforms) = postSolution
		{8F99129C-7A7B-4A94-A016-DD485C235D30}.Debug|Any CPU.ActiveCfg = Debug|Any CPU
		{8F99129C-7A7B-4A94-A016-DD485C235D30}.Debug|Any CPU.Build.0 = Debug|Any CPU
		{8F99129C-7A7B-4A94-A016-DD485C235D30}.Release|Any CPU.ActiveCfg = Release|Any CPU
		{8F99129C-7A7B-4A94-A016-DD485C235D30}.Release|Any CPU.Build.0 = Release|Any CPU
	EndGlobalSection
	GlobalSection(SolutionProperties) = preSolution
		HideSolutionNode = FALSE
	EndGlobalSection
	GlobalSection(ExtensibilityGlobals) = postSolution
		SolutionGuid = {5E94B2FA-5A92-446A-805E-1D8CAD63B5C1}
	EndGlobalSection
EndGlobal
